{
  "requires": true,
  "lockfileVersion": 1,
  "dependencies": {
    "vue-cli-plugin-vuetify": {
      "version": "0.6.3",
      "resolved": "https://registry.npmjs.org/vue-cli-plugin-vuetify/-/vue-cli-plugin-vuetify-0.6.3.tgz",
      "integrity": "sha512-bdbJcNIc8rrXX1KUiA/7H5mbq6hnjics+k0Q9qdWrX9DjXkGDd+kWhbk9pAIfAZgyHkgGxsgMXF4QhpMMYBiFg==",
      "dev": true
    },
    "vuetify": {
      "version": "2.0.18",
      "resolved": "https://registry.npmjs.org/vuetify/-/vuetify-2.0.18.tgz",
      "integrity": "sha512-eXmIJ8kDDS9p/JEcKCzF+YAjL4THvDmyemfmx2j/uB6QRm3HV3rp9lGnEqGNbB/98FqbMUItBUKF9rrpM1wMgg=="
    }
  }
}
